
Microsoft Visual Studio Solution File, Format Version 12.00
# Visual Studio Version 16
VisualStudioVersion = 16.0.31911.196
MinimumVisualStudioVersion = 10.0.40219.1
Project("{FAE04EC0-301F-11D3-BF4B-00C04F79EFBC}") = "exam2", "exam2\exam2.csproj", "{94AF04AF-EF8A-4262-A60B-8B411211AF58}"
EndProject
Global
	GlobalSection(SolutionConfigurationPlatforms) = preSolution
		Debug|Any CPU = Debug|Any CPU
		Release|Any CPU = Release|Any CPU
	EndGlobalSection
	GlobalSection(ProjectConfigurationPlatforms) = postSolution
		{94AF04AF-EF8A-4262-A60B-8B411211AF58}.Debug|Any CPU.ActiveCfg = Debug|Any CPU
		{94AF04AF-EF8A-4262-A60B-8B411211AF58}.Debug|Any CPU.Build.0 = Debug|Any CPU
		{94AF04AF-EF8A-4262-A60B-8B411211AF58}.Release|Any CPU.ActiveCfg = Release|Any CPU
		{94AF04AF-EF8A-4262-A60B-8B411211AF58}.Release|Any CPU.Build.0 = Release|Any CPU
	EndGlobalSection
	GlobalSection(SolutionProperties) = preSolution
		HideSolutionNode = FALSE
	EndGlobalSection
	GlobalSection(ExtensibilityGlobals) = postSolution
		SolutionGuid = {68665BB0-9B8E-4254-A187-10E0E4A328CD}
	EndGlobalSection
EndGlobal
